<?xml version="1.0" encoding="utf-8"?>
<Project ToolsVersion="17.0" xmlns="http://schemas.microsoft.com/developer/msbuild/2003">
  <ItemGroup>
    <ClCompile Include="D:\cybermed\daddy\dependency\sdk-VTK-9.4.2\IO\Parallel\vtkMultiBlockPLOT3DReaderInternals.cxx">
      <Filter>Source Files</Filter>
    </ClCompile>
    <ClCompile Include="D:\cybermed\daddy\dependency\sdk-VTK-9.4.2\IO\Parallel\vtkEnSightWriter.cxx">
      <Filter>Source Files</Filter>
    </ClCompile>
    <ClCompile Include="D:\cybermed\daddy\dependency\sdk-VTK-9.4.2\IO\Parallel\vtkMultiBlockPLOT3DReader.cxx">
      <Filter>Source Files</Filter>
    </ClCompile>
    <ClCompile Include="D:\cybermed\daddy\dependency\sdk-VTK-9.4.2\IO\Parallel\vtkNek5000Reader.cxx">
      <Filter>Source Files</Filter>
    </ClCompile>
    <ClCompile Include="D:\cybermed\daddy\dependency\sdk-VTK-9.4.2\IO\Parallel\vtkPChacoReader.cxx">
      <Filter>Source Files</Filter>
    </ClCompile>
    <ClCompile Include="D:\cybermed\daddy\dependency\sdk-VTK-9.4.2\IO\Parallel\vtkPDataSetReader.cxx">
      <Filter>Source Files</Filter>
    </ClCompile>
    <ClCompile Include="D:\cybermed\daddy\dependency\sdk-VTK-9.4.2\IO\Parallel\vtkPDataSetWriter.cxx">
      <Filter>Source Files</Filter>
    </ClCompile>
    <ClCompile Include="D:\cybermed\daddy\dependency\sdk-VTK-9.4.2\IO\Parallel\vtkPImageWriter.cxx">
      <Filter>Source Files</Filter>
    </ClCompile>
    <ClCompile Include="D:\cybermed\daddy\dependency\sdk-VTK-9.4.2\IO\Parallel\vtkPlot3DMetaReader.cxx">
      <Filter>Source Files</Filter>
    </ClCompile>
    <ClCompile Include="D:\cybermed\daddy\dependency\sdk-VTK-9.4.2\IO\Parallel\vtkPOpenFOAMReader.cxx">
      <Filter>Source Files</Filter>
    </ClCompile>
  </ItemGroup>
  <ItemGroup>
    <ClInclude Include="D:\cybermed\daddy\dependency\sdk-VTK-9.4.2\IO\Parallel\vtkMultiBlockPLOT3DReaderInternals.h">
      <Filter>Header Files</Filter>
    </ClInclude>
    <ClInclude Include="D:\cybermed\daddy\dependency\sdk-VTK-9.4.2\IO\Parallel\vtkEnSightWriter.h">
      <Filter>Header Files</Filter>
    </ClInclude>
    <ClInclude Include="D:\cybermed\daddy\dependency\sdk-VTK-9.4.2\IO\Parallel\vtkMultiBlockPLOT3DReader.h">
      <Filter>Header Files</Filter>
    </ClInclude>
    <ClInclude Include="D:\cybermed\daddy\dependency\sdk-VTK-9.4.2\IO\Parallel\vtkNek5000Reader.h">
      <Filter>Header Files</Filter>
    </ClInclude>
    <ClInclude Include="D:\cybermed\daddy\dependency\sdk-VTK-9.4.2\IO\Parallel\vtkPChacoReader.h">
      <Filter>Header Files</Filter>
    </ClInclude>
    <ClInclude Include="D:\cybermed\daddy\dependency\sdk-VTK-9.4.2\IO\Parallel\vtkPDataSetReader.h">
      <Filter>Header Files</Filter>
    </ClInclude>
    <ClInclude Include="D:\cybermed\daddy\dependency\sdk-VTK-9.4.2\IO\Parallel\vtkPDataSetWriter.h">
      <Filter>Header Files</Filter>
    </ClInclude>
    <ClInclude Include="D:\cybermed\daddy\dependency\sdk-VTK-9.4.2\IO\Parallel\vtkPImageWriter.h">
      <Filter>Header Files</Filter>
    </ClInclude>
    <ClInclude Include="D:\cybermed\daddy\dependency\sdk-VTK-9.4.2\IO\Parallel\vtkPlot3DMetaReader.h">
      <Filter>Header Files</Filter>
    </ClInclude>
    <ClInclude Include="D:\cybermed\daddy\dependency\sdk-VTK-9.4.2\IO\Parallel\vtkPOpenFOAMReader.h">
      <Filter>Header Files</Filter>
    </ClInclude>
    <ClInclude Include="D:\cybermed\daddy\dependency\sdk-VTK-9.4.2\build_msvc\IO\Parallel\vtkIOParallelModule.h">
      <Filter>Header Files</Filter>
    </ClInclude>
  </ItemGroup>
  <ItemGroup>
    <CustomBuild Include="D:\cybermed\daddy\dependency\sdk-VTK-9.4.2\IO\Parallel\CMakeLists.txt" />
  </ItemGroup>
  <ItemGroup>
    <Filter Include="Header Files">
      <UniqueIdentifier>{162D4FFA-EABE-37C8-B497-EF7F0B57E0E3}</UniqueIdentifier>
    </Filter>
    <Filter Include="Source Files">
      <UniqueIdentifier>{F5D6D842-070C-3B59-BC69-A411D94F79A1}</UniqueIdentifier>
    </Filter>
  </ItemGroup>
</Project>
