<?xml version="1.0" encoding="utf-8"?>
<Project ToolsVersion="17.0" xmlns="http://schemas.microsoft.com/developer/msbuild/2003">
  <ItemGroup>
    <ClCompile Include="D:\cybermed\daddy\dependency\dcmtk-DCMTK-3.6.8\dcmdata\tests\tchval.cc">
      <Filter>Source Files</Filter>
    </ClCompile>
    <ClCompile Include="D:\cybermed\daddy\dependency\dcmtk-DCMTK-3.6.8\dcmdata\tests\tdict.cc">
      <Filter>Source Files</Filter>
    </ClCompile>
    <ClCompile Include="D:\cybermed\daddy\dependency\dcmtk-DCMTK-3.6.8\dcmdata\tests\telemlen.cc">
      <Filter>Source Files</Filter>
    </ClCompile>
    <ClCompile Include="D:\cybermed\daddy\dependency\dcmtk-DCMTK-3.6.8\dcmdata\tests\tests.cc">
      <Filter>Source Files</Filter>
    </ClCompile>
    <ClCompile Include="D:\cybermed\daddy\dependency\dcmtk-DCMTK-3.6.8\dcmdata\tests\tfilter.cc">
      <Filter>Source Files</Filter>
    </ClCompile>
    <ClCompile Include="D:\cybermed\daddy\dependency\dcmtk-DCMTK-3.6.8\dcmdata\tests\tgenuid.cc">
      <Filter>Source Files</Filter>
    </ClCompile>
    <ClCompile Include="D:\cybermed\daddy\dependency\dcmtk-DCMTK-3.6.8\dcmdata\tests\ti2dbmp.cc">
      <Filter>Source Files</Filter>
    </ClCompile>
    <ClCompile Include="D:\cybermed\daddy\dependency\dcmtk-DCMTK-3.6.8\dcmdata\tests\titem.cc">
      <Filter>Source Files</Filter>
    </ClCompile>
    <ClCompile Include="D:\cybermed\daddy\dependency\dcmtk-DCMTK-3.6.8\dcmdata\tests\tmatch.cc">
      <Filter>Source Files</Filter>
    </ClCompile>
    <ClCompile Include="D:\cybermed\daddy\dependency\dcmtk-DCMTK-3.6.8\dcmdata\tests\tnewdcme.cc">
      <Filter>Source Files</Filter>
    </ClCompile>
    <ClCompile Include="D:\cybermed\daddy\dependency\dcmtk-DCMTK-3.6.8\dcmdata\tests\tparent.cc">
      <Filter>Source Files</Filter>
    </ClCompile>
    <ClCompile Include="D:\cybermed\daddy\dependency\dcmtk-DCMTK-3.6.8\dcmdata\tests\tparser.cc">
      <Filter>Source Files</Filter>
    </ClCompile>
    <ClCompile Include="D:\cybermed\daddy\dependency\dcmtk-DCMTK-3.6.8\dcmdata\tests\tpath.cc">
      <Filter>Source Files</Filter>
    </ClCompile>
    <ClCompile Include="D:\cybermed\daddy\dependency\dcmtk-DCMTK-3.6.8\dcmdata\tests\tpread.cc">
      <Filter>Source Files</Filter>
    </ClCompile>
    <ClCompile Include="D:\cybermed\daddy\dependency\dcmtk-DCMTK-3.6.8\dcmdata\tests\tsequen.cc">
      <Filter>Source Files</Filter>
    </ClCompile>
    <ClCompile Include="D:\cybermed\daddy\dependency\dcmtk-DCMTK-3.6.8\dcmdata\tests\tspchrs.cc">
      <Filter>Source Files</Filter>
    </ClCompile>
    <ClCompile Include="D:\cybermed\daddy\dependency\dcmtk-DCMTK-3.6.8\dcmdata\tests\tstrval.cc">
      <Filter>Source Files</Filter>
    </ClCompile>
    <ClCompile Include="D:\cybermed\daddy\dependency\dcmtk-DCMTK-3.6.8\dcmdata\tests\ttag.cc">
      <Filter>Source Files</Filter>
    </ClCompile>
    <ClCompile Include="D:\cybermed\daddy\dependency\dcmtk-DCMTK-3.6.8\dcmdata\tests\tvrcomp.cc">
      <Filter>Source Files</Filter>
    </ClCompile>
    <ClCompile Include="D:\cybermed\daddy\dependency\dcmtk-DCMTK-3.6.8\dcmdata\tests\tvrdatim.cc">
      <Filter>Source Files</Filter>
    </ClCompile>
    <ClCompile Include="D:\cybermed\daddy\dependency\dcmtk-DCMTK-3.6.8\dcmdata\tests\tvrds.cc">
      <Filter>Source Files</Filter>
    </ClCompile>
    <ClCompile Include="D:\cybermed\daddy\dependency\dcmtk-DCMTK-3.6.8\dcmdata\tests\tvrfd.cc">
      <Filter>Source Files</Filter>
    </ClCompile>
    <ClCompile Include="D:\cybermed\daddy\dependency\dcmtk-DCMTK-3.6.8\dcmdata\tests\tvrol.cc">
      <Filter>Source Files</Filter>
    </ClCompile>
    <ClCompile Include="D:\cybermed\daddy\dependency\dcmtk-DCMTK-3.6.8\dcmdata\tests\tvrov.cc">
      <Filter>Source Files</Filter>
    </ClCompile>
    <ClCompile Include="D:\cybermed\daddy\dependency\dcmtk-DCMTK-3.6.8\dcmdata\tests\tvrpn.cc">
      <Filter>Source Files</Filter>
    </ClCompile>
    <ClCompile Include="D:\cybermed\daddy\dependency\dcmtk-DCMTK-3.6.8\dcmdata\tests\tvrsv.cc">
      <Filter>Source Files</Filter>
    </ClCompile>
    <ClCompile Include="D:\cybermed\daddy\dependency\dcmtk-DCMTK-3.6.8\dcmdata\tests\tvrui.cc">
      <Filter>Source Files</Filter>
    </ClCompile>
    <ClCompile Include="D:\cybermed\daddy\dependency\dcmtk-DCMTK-3.6.8\dcmdata\tests\tvruv.cc">
      <Filter>Source Files</Filter>
    </ClCompile>
  </ItemGroup>
  <ItemGroup>
    <CustomBuild Include="D:\cybermed\daddy\dependency\dcmtk-DCMTK-3.6.8\dcmdata\tests\CMakeLists.txt" />
  </ItemGroup>
  <ItemGroup>
    <Filter Include="Source Files">
      <UniqueIdentifier>{223CA86B-C79F-3D28-815E-BF4CB8A4A19D}</UniqueIdentifier>
    </Filter>
  </ItemGroup>
</Project>
