<?xml version="1.0" encoding="utf-8"?>
<Project ToolsVersion="17.0" xmlns="http://schemas.microsoft.com/developer/msbuild/2003">
  <ItemGroup>
    <ClCompile Include="D:\cybermed\daddy\dependency\sdk-VTK-9.4.2\Imaging\General\vtkImageAnisotropicDiffusion2D.cxx">
      <Filter>Source Files</Filter>
    </ClCompile>
    <ClCompile Include="D:\cybermed\daddy\dependency\sdk-VTK-9.4.2\Imaging\General\vtkImageAnisotropicDiffusion3D.cxx">
      <Filter>Source Files</Filter>
    </ClCompile>
    <ClCompile Include="D:\cybermed\daddy\dependency\sdk-VTK-9.4.2\Imaging\General\vtkImageCheckerboard.cxx">
      <Filter>Source Files</Filter>
    </ClCompile>
    <ClCompile Include="D:\cybermed\daddy\dependency\sdk-VTK-9.4.2\Imaging\General\vtkImageCityBlockDistance.cxx">
      <Filter>Source Files</Filter>
    </ClCompile>
    <ClCompile Include="D:\cybermed\daddy\dependency\sdk-VTK-9.4.2\Imaging\General\vtkImageConvolve.cxx">
      <Filter>Source Files</Filter>
    </ClCompile>
    <ClCompile Include="D:\cybermed\daddy\dependency\sdk-VTK-9.4.2\Imaging\General\vtkImageCorrelation.cxx">
      <Filter>Source Files</Filter>
    </ClCompile>
    <ClCompile Include="D:\cybermed\daddy\dependency\sdk-VTK-9.4.2\Imaging\General\vtkImageEuclideanDistance.cxx">
      <Filter>Source Files</Filter>
    </ClCompile>
    <ClCompile Include="D:\cybermed\daddy\dependency\sdk-VTK-9.4.2\Imaging\General\vtkImageEuclideanToPolar.cxx">
      <Filter>Source Files</Filter>
    </ClCompile>
    <ClCompile Include="D:\cybermed\daddy\dependency\sdk-VTK-9.4.2\Imaging\General\vtkImageGaussianSmooth.cxx">
      <Filter>Source Files</Filter>
    </ClCompile>
    <ClCompile Include="D:\cybermed\daddy\dependency\sdk-VTK-9.4.2\Imaging\General\vtkImageGradient.cxx">
      <Filter>Source Files</Filter>
    </ClCompile>
    <ClCompile Include="D:\cybermed\daddy\dependency\sdk-VTK-9.4.2\Imaging\General\vtkImageGradientMagnitude.cxx">
      <Filter>Source Files</Filter>
    </ClCompile>
    <ClCompile Include="D:\cybermed\daddy\dependency\sdk-VTK-9.4.2\Imaging\General\vtkImageHybridMedian2D.cxx">
      <Filter>Source Files</Filter>
    </ClCompile>
    <ClCompile Include="D:\cybermed\daddy\dependency\sdk-VTK-9.4.2\Imaging\General\vtkImageLaplacian.cxx">
      <Filter>Source Files</Filter>
    </ClCompile>
    <ClCompile Include="D:\cybermed\daddy\dependency\sdk-VTK-9.4.2\Imaging\General\vtkImageMedian3D.cxx">
      <Filter>Source Files</Filter>
    </ClCompile>
    <ClCompile Include="D:\cybermed\daddy\dependency\sdk-VTK-9.4.2\Imaging\General\vtkImageNormalize.cxx">
      <Filter>Source Files</Filter>
    </ClCompile>
    <ClCompile Include="D:\cybermed\daddy\dependency\sdk-VTK-9.4.2\Imaging\General\vtkImageRange3D.cxx">
      <Filter>Source Files</Filter>
    </ClCompile>
    <ClCompile Include="D:\cybermed\daddy\dependency\sdk-VTK-9.4.2\Imaging\General\vtkImageSeparableConvolution.cxx">
      <Filter>Source Files</Filter>
    </ClCompile>
    <ClCompile Include="D:\cybermed\daddy\dependency\sdk-VTK-9.4.2\Imaging\General\vtkImageSlab.cxx">
      <Filter>Source Files</Filter>
    </ClCompile>
    <ClCompile Include="D:\cybermed\daddy\dependency\sdk-VTK-9.4.2\Imaging\General\vtkImageSlabReslice.cxx">
      <Filter>Source Files</Filter>
    </ClCompile>
    <ClCompile Include="D:\cybermed\daddy\dependency\sdk-VTK-9.4.2\Imaging\General\vtkImageSobel2D.cxx">
      <Filter>Source Files</Filter>
    </ClCompile>
    <ClCompile Include="D:\cybermed\daddy\dependency\sdk-VTK-9.4.2\Imaging\General\vtkImageSobel3D.cxx">
      <Filter>Source Files</Filter>
    </ClCompile>
    <ClCompile Include="D:\cybermed\daddy\dependency\sdk-VTK-9.4.2\Imaging\General\vtkImageSpatialAlgorithm.cxx">
      <Filter>Source Files</Filter>
    </ClCompile>
    <ClCompile Include="D:\cybermed\daddy\dependency\sdk-VTK-9.4.2\Imaging\General\vtkImageVariance3D.cxx">
      <Filter>Source Files</Filter>
    </ClCompile>
  </ItemGroup>
  <ItemGroup>
    <ClInclude Include="D:\cybermed\daddy\dependency\sdk-VTK-9.4.2\Imaging\General\vtkImageAnisotropicDiffusion2D.h">
      <Filter>Header Files</Filter>
    </ClInclude>
    <ClInclude Include="D:\cybermed\daddy\dependency\sdk-VTK-9.4.2\Imaging\General\vtkImageAnisotropicDiffusion3D.h">
      <Filter>Header Files</Filter>
    </ClInclude>
    <ClInclude Include="D:\cybermed\daddy\dependency\sdk-VTK-9.4.2\Imaging\General\vtkImageCheckerboard.h">
      <Filter>Header Files</Filter>
    </ClInclude>
    <ClInclude Include="D:\cybermed\daddy\dependency\sdk-VTK-9.4.2\Imaging\General\vtkImageCityBlockDistance.h">
      <Filter>Header Files</Filter>
    </ClInclude>
    <ClInclude Include="D:\cybermed\daddy\dependency\sdk-VTK-9.4.2\Imaging\General\vtkImageConvolve.h">
      <Filter>Header Files</Filter>
    </ClInclude>
    <ClInclude Include="D:\cybermed\daddy\dependency\sdk-VTK-9.4.2\Imaging\General\vtkImageCorrelation.h">
      <Filter>Header Files</Filter>
    </ClInclude>
    <ClInclude Include="D:\cybermed\daddy\dependency\sdk-VTK-9.4.2\Imaging\General\vtkImageEuclideanDistance.h">
      <Filter>Header Files</Filter>
    </ClInclude>
    <ClInclude Include="D:\cybermed\daddy\dependency\sdk-VTK-9.4.2\Imaging\General\vtkImageEuclideanToPolar.h">
      <Filter>Header Files</Filter>
    </ClInclude>
    <ClInclude Include="D:\cybermed\daddy\dependency\sdk-VTK-9.4.2\Imaging\General\vtkImageGaussianSmooth.h">
      <Filter>Header Files</Filter>
    </ClInclude>
    <ClInclude Include="D:\cybermed\daddy\dependency\sdk-VTK-9.4.2\Imaging\General\vtkImageGradient.h">
      <Filter>Header Files</Filter>
    </ClInclude>
    <ClInclude Include="D:\cybermed\daddy\dependency\sdk-VTK-9.4.2\Imaging\General\vtkImageGradientMagnitude.h">
      <Filter>Header Files</Filter>
    </ClInclude>
    <ClInclude Include="D:\cybermed\daddy\dependency\sdk-VTK-9.4.2\Imaging\General\vtkImageHybridMedian2D.h">
      <Filter>Header Files</Filter>
    </ClInclude>
    <ClInclude Include="D:\cybermed\daddy\dependency\sdk-VTK-9.4.2\Imaging\General\vtkImageLaplacian.h">
      <Filter>Header Files</Filter>
    </ClInclude>
    <ClInclude Include="D:\cybermed\daddy\dependency\sdk-VTK-9.4.2\Imaging\General\vtkImageMedian3D.h">
      <Filter>Header Files</Filter>
    </ClInclude>
    <ClInclude Include="D:\cybermed\daddy\dependency\sdk-VTK-9.4.2\Imaging\General\vtkImageNormalize.h">
      <Filter>Header Files</Filter>
    </ClInclude>
    <ClInclude Include="D:\cybermed\daddy\dependency\sdk-VTK-9.4.2\Imaging\General\vtkImageRange3D.h">
      <Filter>Header Files</Filter>
    </ClInclude>
    <ClInclude Include="D:\cybermed\daddy\dependency\sdk-VTK-9.4.2\Imaging\General\vtkImageSeparableConvolution.h">
      <Filter>Header Files</Filter>
    </ClInclude>
    <ClInclude Include="D:\cybermed\daddy\dependency\sdk-VTK-9.4.2\Imaging\General\vtkImageSlab.h">
      <Filter>Header Files</Filter>
    </ClInclude>
    <ClInclude Include="D:\cybermed\daddy\dependency\sdk-VTK-9.4.2\Imaging\General\vtkImageSlabReslice.h">
      <Filter>Header Files</Filter>
    </ClInclude>
    <ClInclude Include="D:\cybermed\daddy\dependency\sdk-VTK-9.4.2\Imaging\General\vtkImageSobel2D.h">
      <Filter>Header Files</Filter>
    </ClInclude>
    <ClInclude Include="D:\cybermed\daddy\dependency\sdk-VTK-9.4.2\Imaging\General\vtkImageSobel3D.h">
      <Filter>Header Files</Filter>
    </ClInclude>
    <ClInclude Include="D:\cybermed\daddy\dependency\sdk-VTK-9.4.2\Imaging\General\vtkImageSpatialAlgorithm.h">
      <Filter>Header Files</Filter>
    </ClInclude>
    <ClInclude Include="D:\cybermed\daddy\dependency\sdk-VTK-9.4.2\Imaging\General\vtkImageVariance3D.h">
      <Filter>Header Files</Filter>
    </ClInclude>
    <ClInclude Include="D:\cybermed\daddy\dependency\sdk-VTK-9.4.2\build_msvc\Imaging\General\vtkImagingGeneralModule.h">
      <Filter>Header Files</Filter>
    </ClInclude>
  </ItemGroup>
  <ItemGroup>
    <CustomBuild Include="D:\cybermed\daddy\dependency\sdk-VTK-9.4.2\Imaging\General\CMakeLists.txt" />
  </ItemGroup>
  <ItemGroup>
    <Filter Include="Header Files">
      <UniqueIdentifier>{162D4FFA-EABE-37C8-B497-EF7F0B57E0E3}</UniqueIdentifier>
    </Filter>
    <Filter Include="Source Files">
      <UniqueIdentifier>{F5D6D842-070C-3B59-BC69-A411D94F79A1}</UniqueIdentifier>
    </Filter>
  </ItemGroup>
</Project>
