<?xml version="1.0" encoding="utf-8"?>
<Project ToolsVersion="17.0" xmlns="http://schemas.microsoft.com/developer/msbuild/2003">
  <ItemGroup>
    <ClCompile Include="D:\cybermed\daddy\dependency\sdk-VTK-9.4.2\Filters\Geometry\vtkAbstractGridConnectivity.cxx">
      <Filter>Source Files</Filter>
    </ClCompile>
    <ClCompile Include="D:\cybermed\daddy\dependency\sdk-VTK-9.4.2\Filters\Geometry\vtkAttributeSmoothingFilter.cxx">
      <Filter>Source Files</Filter>
    </ClCompile>
    <ClCompile Include="D:\cybermed\daddy\dependency\sdk-VTK-9.4.2\Filters\Geometry\vtkCompositeDataGeometryFilter.cxx">
      <Filter>Source Files</Filter>
    </ClCompile>
    <ClCompile Include="D:\cybermed\daddy\dependency\sdk-VTK-9.4.2\Filters\Geometry\vtkDataSetRegionSurfaceFilter.cxx">
      <Filter>Source Files</Filter>
    </ClCompile>
    <ClCompile Include="D:\cybermed\daddy\dependency\sdk-VTK-9.4.2\Filters\Geometry\vtkDataSetSurfaceFilter.cxx">
      <Filter>Source Files</Filter>
    </ClCompile>
    <ClCompile Include="D:\cybermed\daddy\dependency\sdk-VTK-9.4.2\Filters\Geometry\vtkExplicitStructuredGridSurfaceFilter.cxx">
      <Filter>Source Files</Filter>
    </ClCompile>
    <ClCompile Include="D:\cybermed\daddy\dependency\sdk-VTK-9.4.2\Filters\Geometry\vtkGeometryFilter.cxx">
      <Filter>Source Files</Filter>
    </ClCompile>
    <ClCompile Include="D:\cybermed\daddy\dependency\sdk-VTK-9.4.2\Filters\Geometry\vtkHierarchicalDataSetGeometryFilter.cxx">
      <Filter>Source Files</Filter>
    </ClCompile>
    <ClCompile Include="D:\cybermed\daddy\dependency\sdk-VTK-9.4.2\Filters\Geometry\vtkImageDataGeometryFilter.cxx">
      <Filter>Source Files</Filter>
    </ClCompile>
    <ClCompile Include="D:\cybermed\daddy\dependency\sdk-VTK-9.4.2\Filters\Geometry\vtkImageDataToUniformGrid.cxx">
      <Filter>Source Files</Filter>
    </ClCompile>
    <ClCompile Include="D:\cybermed\daddy\dependency\sdk-VTK-9.4.2\Filters\Geometry\vtkLinearToQuadraticCellsFilter.cxx">
      <Filter>Source Files</Filter>
    </ClCompile>
    <ClCompile Include="D:\cybermed\daddy\dependency\sdk-VTK-9.4.2\Filters\Geometry\vtkMarkBoundaryFilter.cxx">
      <Filter>Source Files</Filter>
    </ClCompile>
    <ClCompile Include="D:\cybermed\daddy\dependency\sdk-VTK-9.4.2\Filters\Geometry\vtkProjectSphereFilter.cxx">
      <Filter>Source Files</Filter>
    </ClCompile>
    <ClCompile Include="D:\cybermed\daddy\dependency\sdk-VTK-9.4.2\Filters\Geometry\vtkRecoverGeometryWireframe.cxx">
      <Filter>Source Files</Filter>
    </ClCompile>
    <ClCompile Include="D:\cybermed\daddy\dependency\sdk-VTK-9.4.2\Filters\Geometry\vtkRectilinearGridGeometryFilter.cxx">
      <Filter>Source Files</Filter>
    </ClCompile>
    <ClCompile Include="D:\cybermed\daddy\dependency\sdk-VTK-9.4.2\Filters\Geometry\vtkRectilinearGridPartitioner.cxx">
      <Filter>Source Files</Filter>
    </ClCompile>
    <ClCompile Include="D:\cybermed\daddy\dependency\sdk-VTK-9.4.2\Filters\Geometry\vtkStructuredAMRGridConnectivity.cxx">
      <Filter>Source Files</Filter>
    </ClCompile>
    <ClCompile Include="D:\cybermed\daddy\dependency\sdk-VTK-9.4.2\Filters\Geometry\vtkStructuredAMRNeighbor.cxx">
      <Filter>Source Files</Filter>
    </ClCompile>
    <ClCompile Include="D:\cybermed\daddy\dependency\sdk-VTK-9.4.2\Filters\Geometry\vtkStructuredGridConnectivity.cxx">
      <Filter>Source Files</Filter>
    </ClCompile>
    <ClCompile Include="D:\cybermed\daddy\dependency\sdk-VTK-9.4.2\Filters\Geometry\vtkStructuredGridGeometryFilter.cxx">
      <Filter>Source Files</Filter>
    </ClCompile>
    <ClCompile Include="D:\cybermed\daddy\dependency\sdk-VTK-9.4.2\Filters\Geometry\vtkStructuredGridPartitioner.cxx">
      <Filter>Source Files</Filter>
    </ClCompile>
    <ClCompile Include="D:\cybermed\daddy\dependency\sdk-VTK-9.4.2\Filters\Geometry\vtkStructuredNeighbor.cxx">
      <Filter>Source Files</Filter>
    </ClCompile>
    <ClCompile Include="D:\cybermed\daddy\dependency\sdk-VTK-9.4.2\Filters\Geometry\vtkStructuredPointsGeometryFilter.cxx">
      <Filter>Source Files</Filter>
    </ClCompile>
    <ClCompile Include="D:\cybermed\daddy\dependency\sdk-VTK-9.4.2\Filters\Geometry\vtkUnstructuredGridGeometryFilter.cxx">
      <Filter>Source Files</Filter>
    </ClCompile>
  </ItemGroup>
  <ItemGroup>
    <ClInclude Include="D:\cybermed\daddy\dependency\sdk-VTK-9.4.2\Filters\Geometry\vtkAbstractGridConnectivity.h">
      <Filter>Header Files</Filter>
    </ClInclude>
    <ClInclude Include="D:\cybermed\daddy\dependency\sdk-VTK-9.4.2\Filters\Geometry\vtkAttributeSmoothingFilter.h">
      <Filter>Header Files</Filter>
    </ClInclude>
    <ClInclude Include="D:\cybermed\daddy\dependency\sdk-VTK-9.4.2\Filters\Geometry\vtkCompositeDataGeometryFilter.h">
      <Filter>Header Files</Filter>
    </ClInclude>
    <ClInclude Include="D:\cybermed\daddy\dependency\sdk-VTK-9.4.2\Filters\Geometry\vtkDataSetRegionSurfaceFilter.h">
      <Filter>Header Files</Filter>
    </ClInclude>
    <ClInclude Include="D:\cybermed\daddy\dependency\sdk-VTK-9.4.2\Filters\Geometry\vtkDataSetSurfaceFilter.h">
      <Filter>Header Files</Filter>
    </ClInclude>
    <ClInclude Include="D:\cybermed\daddy\dependency\sdk-VTK-9.4.2\Filters\Geometry\vtkExplicitStructuredGridSurfaceFilter.h">
      <Filter>Header Files</Filter>
    </ClInclude>
    <ClInclude Include="D:\cybermed\daddy\dependency\sdk-VTK-9.4.2\Filters\Geometry\vtkGeometryFilter.h">
      <Filter>Header Files</Filter>
    </ClInclude>
    <ClInclude Include="D:\cybermed\daddy\dependency\sdk-VTK-9.4.2\Filters\Geometry\vtkHierarchicalDataSetGeometryFilter.h">
      <Filter>Header Files</Filter>
    </ClInclude>
    <ClInclude Include="D:\cybermed\daddy\dependency\sdk-VTK-9.4.2\Filters\Geometry\vtkImageDataGeometryFilter.h">
      <Filter>Header Files</Filter>
    </ClInclude>
    <ClInclude Include="D:\cybermed\daddy\dependency\sdk-VTK-9.4.2\Filters\Geometry\vtkImageDataToUniformGrid.h">
      <Filter>Header Files</Filter>
    </ClInclude>
    <ClInclude Include="D:\cybermed\daddy\dependency\sdk-VTK-9.4.2\Filters\Geometry\vtkLinearToQuadraticCellsFilter.h">
      <Filter>Header Files</Filter>
    </ClInclude>
    <ClInclude Include="D:\cybermed\daddy\dependency\sdk-VTK-9.4.2\Filters\Geometry\vtkMarkBoundaryFilter.h">
      <Filter>Header Files</Filter>
    </ClInclude>
    <ClInclude Include="D:\cybermed\daddy\dependency\sdk-VTK-9.4.2\Filters\Geometry\vtkProjectSphereFilter.h">
      <Filter>Header Files</Filter>
    </ClInclude>
    <ClInclude Include="D:\cybermed\daddy\dependency\sdk-VTK-9.4.2\Filters\Geometry\vtkRecoverGeometryWireframe.h">
      <Filter>Header Files</Filter>
    </ClInclude>
    <ClInclude Include="D:\cybermed\daddy\dependency\sdk-VTK-9.4.2\Filters\Geometry\vtkRectilinearGridGeometryFilter.h">
      <Filter>Header Files</Filter>
    </ClInclude>
    <ClInclude Include="D:\cybermed\daddy\dependency\sdk-VTK-9.4.2\Filters\Geometry\vtkRectilinearGridPartitioner.h">
      <Filter>Header Files</Filter>
    </ClInclude>
    <ClInclude Include="D:\cybermed\daddy\dependency\sdk-VTK-9.4.2\Filters\Geometry\vtkStructuredAMRGridConnectivity.h">
      <Filter>Header Files</Filter>
    </ClInclude>
    <ClInclude Include="D:\cybermed\daddy\dependency\sdk-VTK-9.4.2\Filters\Geometry\vtkStructuredAMRNeighbor.h">
      <Filter>Header Files</Filter>
    </ClInclude>
    <ClInclude Include="D:\cybermed\daddy\dependency\sdk-VTK-9.4.2\Filters\Geometry\vtkStructuredGridConnectivity.h">
      <Filter>Header Files</Filter>
    </ClInclude>
    <ClInclude Include="D:\cybermed\daddy\dependency\sdk-VTK-9.4.2\Filters\Geometry\vtkStructuredGridGeometryFilter.h">
      <Filter>Header Files</Filter>
    </ClInclude>
    <ClInclude Include="D:\cybermed\daddy\dependency\sdk-VTK-9.4.2\Filters\Geometry\vtkStructuredGridPartitioner.h">
      <Filter>Header Files</Filter>
    </ClInclude>
    <ClInclude Include="D:\cybermed\daddy\dependency\sdk-VTK-9.4.2\Filters\Geometry\vtkStructuredNeighbor.h">
      <Filter>Header Files</Filter>
    </ClInclude>
    <ClInclude Include="D:\cybermed\daddy\dependency\sdk-VTK-9.4.2\Filters\Geometry\vtkStructuredPointsGeometryFilter.h">
      <Filter>Header Files</Filter>
    </ClInclude>
    <ClInclude Include="D:\cybermed\daddy\dependency\sdk-VTK-9.4.2\Filters\Geometry\vtkUnstructuredGridGeometryFilter.h">
      <Filter>Header Files</Filter>
    </ClInclude>
    <ClInclude Include="D:\cybermed\daddy\dependency\sdk-VTK-9.4.2\build_msvc\Filters\Geometry\vtkFiltersGeometryModule.h">
      <Filter>Header Files</Filter>
    </ClInclude>
  </ItemGroup>
  <ItemGroup>
    <CustomBuild Include="D:\cybermed\daddy\dependency\sdk-VTK-9.4.2\Filters\Geometry\CMakeLists.txt" />
  </ItemGroup>
  <ItemGroup>
    <Filter Include="Header Files">
      <UniqueIdentifier>{162D4FFA-EABE-37C8-B497-EF7F0B57E0E3}</UniqueIdentifier>
    </Filter>
    <Filter Include="Source Files">
      <UniqueIdentifier>{F5D6D842-070C-3B59-BC69-A411D94F79A1}</UniqueIdentifier>
    </Filter>
  </ItemGroup>
</Project>
