<?xml version="1.0" encoding="utf-8"?>
<Project ToolsVersion="17.0" xmlns="http://schemas.microsoft.com/developer/msbuild/2003">
  <ItemGroup>
    <ClCompile Include="D:\cybermed\daddy\dependency\sdk-VTK-9.4.2\Filters\Sources\vtkArcSource.cxx">
      <Filter>Source Files</Filter>
    </ClCompile>
    <ClCompile Include="D:\cybermed\daddy\dependency\sdk-VTK-9.4.2\Filters\Sources\vtkArrowSource.cxx">
      <Filter>Source Files</Filter>
    </ClCompile>
    <ClCompile Include="D:\cybermed\daddy\dependency\sdk-VTK-9.4.2\Filters\Sources\vtkButtonSource.cxx">
      <Filter>Source Files</Filter>
    </ClCompile>
    <ClCompile Include="D:\cybermed\daddy\dependency\sdk-VTK-9.4.2\Filters\Sources\vtkCapsuleSource.cxx">
      <Filter>Source Files</Filter>
    </ClCompile>
    <ClCompile Include="D:\cybermed\daddy\dependency\sdk-VTK-9.4.2\Filters\Sources\vtkCellTypeSource.cxx">
      <Filter>Source Files</Filter>
    </ClCompile>
    <ClCompile Include="D:\cybermed\daddy\dependency\sdk-VTK-9.4.2\Filters\Sources\vtkConeSource.cxx">
      <Filter>Source Files</Filter>
    </ClCompile>
    <ClCompile Include="D:\cybermed\daddy\dependency\sdk-VTK-9.4.2\Filters\Sources\vtkCubeSource.cxx">
      <Filter>Source Files</Filter>
    </ClCompile>
    <ClCompile Include="D:\cybermed\daddy\dependency\sdk-VTK-9.4.2\Filters\Sources\vtkCylinderSource.cxx">
      <Filter>Source Files</Filter>
    </ClCompile>
    <ClCompile Include="D:\cybermed\daddy\dependency\sdk-VTK-9.4.2\Filters\Sources\vtkDiagonalMatrixSource.cxx">
      <Filter>Source Files</Filter>
    </ClCompile>
    <ClCompile Include="D:\cybermed\daddy\dependency\sdk-VTK-9.4.2\Filters\Sources\vtkDiskSource.cxx">
      <Filter>Source Files</Filter>
    </ClCompile>
    <ClCompile Include="D:\cybermed\daddy\dependency\sdk-VTK-9.4.2\Filters\Sources\vtkEllipseArcSource.cxx">
      <Filter>Source Files</Filter>
    </ClCompile>
    <ClCompile Include="D:\cybermed\daddy\dependency\sdk-VTK-9.4.2\Filters\Sources\vtkEllipticalButtonSource.cxx">
      <Filter>Source Files</Filter>
    </ClCompile>
    <ClCompile Include="D:\cybermed\daddy\dependency\sdk-VTK-9.4.2\Filters\Sources\vtkFrustumSource.cxx">
      <Filter>Source Files</Filter>
    </ClCompile>
    <ClCompile Include="D:\cybermed\daddy\dependency\sdk-VTK-9.4.2\Filters\Sources\vtkGlyphSource2D.cxx">
      <Filter>Source Files</Filter>
    </ClCompile>
    <ClCompile Include="D:\cybermed\daddy\dependency\sdk-VTK-9.4.2\Filters\Sources\vtkGoldenBallSource.cxx">
      <Filter>Source Files</Filter>
    </ClCompile>
    <ClCompile Include="D:\cybermed\daddy\dependency\sdk-VTK-9.4.2\Filters\Sources\vtkGraphToPolyData.cxx">
      <Filter>Source Files</Filter>
    </ClCompile>
    <ClCompile Include="D:\cybermed\daddy\dependency\sdk-VTK-9.4.2\Filters\Sources\vtkHandleSource.cxx">
      <Filter>Source Files</Filter>
    </ClCompile>
    <ClCompile Include="D:\cybermed\daddy\dependency\sdk-VTK-9.4.2\Filters\Sources\vtkHyperTreeGridPreConfiguredSource.cxx">
      <Filter>Source Files</Filter>
    </ClCompile>
    <ClCompile Include="D:\cybermed\daddy\dependency\sdk-VTK-9.4.2\Filters\Sources\vtkHyperTreeGridSource.cxx">
      <Filter>Source Files</Filter>
    </ClCompile>
    <ClCompile Include="D:\cybermed\daddy\dependency\sdk-VTK-9.4.2\Filters\Sources\vtkLineSource.cxx">
      <Filter>Source Files</Filter>
    </ClCompile>
    <ClCompile Include="D:\cybermed\daddy\dependency\sdk-VTK-9.4.2\Filters\Sources\vtkOutlineCornerFilter.cxx">
      <Filter>Source Files</Filter>
    </ClCompile>
    <ClCompile Include="D:\cybermed\daddy\dependency\sdk-VTK-9.4.2\Filters\Sources\vtkOutlineCornerSource.cxx">
      <Filter>Source Files</Filter>
    </ClCompile>
    <ClCompile Include="D:\cybermed\daddy\dependency\sdk-VTK-9.4.2\Filters\Sources\vtkOutlineSource.cxx">
      <Filter>Source Files</Filter>
    </ClCompile>
    <ClCompile Include="D:\cybermed\daddy\dependency\sdk-VTK-9.4.2\Filters\Sources\vtkParametricFunctionSource.cxx">
      <Filter>Source Files</Filter>
    </ClCompile>
    <ClCompile Include="D:\cybermed\daddy\dependency\sdk-VTK-9.4.2\Filters\Sources\vtkPartitionedDataSetSource.cxx">
      <Filter>Source Files</Filter>
    </ClCompile>
    <ClCompile Include="D:\cybermed\daddy\dependency\sdk-VTK-9.4.2\Filters\Sources\vtkPartitionedDataSetCollectionSource.cxx">
      <Filter>Source Files</Filter>
    </ClCompile>
    <ClCompile Include="D:\cybermed\daddy\dependency\sdk-VTK-9.4.2\Filters\Sources\vtkPlaneSource.cxx">
      <Filter>Source Files</Filter>
    </ClCompile>
    <ClCompile Include="D:\cybermed\daddy\dependency\sdk-VTK-9.4.2\Filters\Sources\vtkPlatonicSolidSource.cxx">
      <Filter>Source Files</Filter>
    </ClCompile>
    <ClCompile Include="D:\cybermed\daddy\dependency\sdk-VTK-9.4.2\Filters\Sources\vtkPointHandleSource.cxx">
      <Filter>Source Files</Filter>
    </ClCompile>
    <ClCompile Include="D:\cybermed\daddy\dependency\sdk-VTK-9.4.2\Filters\Sources\vtkPointSource.cxx">
      <Filter>Source Files</Filter>
    </ClCompile>
    <ClCompile Include="D:\cybermed\daddy\dependency\sdk-VTK-9.4.2\Filters\Sources\vtkPolyLineSource.cxx">
      <Filter>Source Files</Filter>
    </ClCompile>
    <ClCompile Include="D:\cybermed\daddy\dependency\sdk-VTK-9.4.2\Filters\Sources\vtkPolyPointSource.cxx">
      <Filter>Source Files</Filter>
    </ClCompile>
    <ClCompile Include="D:\cybermed\daddy\dependency\sdk-VTK-9.4.2\Filters\Sources\vtkProgrammableDataObjectSource.cxx">
      <Filter>Source Files</Filter>
    </ClCompile>
    <ClCompile Include="D:\cybermed\daddy\dependency\sdk-VTK-9.4.2\Filters\Sources\vtkProgrammableSource.cxx">
      <Filter>Source Files</Filter>
    </ClCompile>
    <ClCompile Include="D:\cybermed\daddy\dependency\sdk-VTK-9.4.2\Filters\Sources\vtkRandomHyperTreeGridSource.cxx">
      <Filter>Source Files</Filter>
    </ClCompile>
    <ClCompile Include="D:\cybermed\daddy\dependency\sdk-VTK-9.4.2\Filters\Sources\vtkRectangularButtonSource.cxx">
      <Filter>Source Files</Filter>
    </ClCompile>
    <ClCompile Include="D:\cybermed\daddy\dependency\sdk-VTK-9.4.2\Filters\Sources\vtkRegularPolygonSource.cxx">
      <Filter>Source Files</Filter>
    </ClCompile>
    <ClCompile Include="D:\cybermed\daddy\dependency\sdk-VTK-9.4.2\Filters\Sources\vtkSelectionSource.cxx">
      <Filter>Source Files</Filter>
    </ClCompile>
    <ClCompile Include="D:\cybermed\daddy\dependency\sdk-VTK-9.4.2\Filters\Sources\vtkSpatioTemporalHarmonicsSource.cxx">
      <Filter>Source Files</Filter>
    </ClCompile>
    <ClCompile Include="D:\cybermed\daddy\dependency\sdk-VTK-9.4.2\Filters\Sources\vtkSphereSource.cxx">
      <Filter>Source Files</Filter>
    </ClCompile>
    <ClCompile Include="D:\cybermed\daddy\dependency\sdk-VTK-9.4.2\Filters\Sources\vtkSuperquadricSource.cxx">
      <Filter>Source Files</Filter>
    </ClCompile>
    <ClCompile Include="D:\cybermed\daddy\dependency\sdk-VTK-9.4.2\Filters\Sources\vtkTessellatedBoxSource.cxx">
      <Filter>Source Files</Filter>
    </ClCompile>
    <ClCompile Include="D:\cybermed\daddy\dependency\sdk-VTK-9.4.2\Filters\Sources\vtkTextSource.cxx">
      <Filter>Source Files</Filter>
    </ClCompile>
    <ClCompile Include="D:\cybermed\daddy\dependency\sdk-VTK-9.4.2\Filters\Sources\vtkTexturedSphereSource.cxx">
      <Filter>Source Files</Filter>
    </ClCompile>
    <ClCompile Include="D:\cybermed\daddy\dependency\sdk-VTK-9.4.2\Filters\Sources\vtkUniformHyperTreeGridSource.cxx">
      <Filter>Source Files</Filter>
    </ClCompile>
  </ItemGroup>
  <ItemGroup>
    <ClInclude Include="D:\cybermed\daddy\dependency\sdk-VTK-9.4.2\Filters\Sources\vtkArcSource.h">
      <Filter>Header Files</Filter>
    </ClInclude>
    <ClInclude Include="D:\cybermed\daddy\dependency\sdk-VTK-9.4.2\Filters\Sources\vtkArrowSource.h">
      <Filter>Header Files</Filter>
    </ClInclude>
    <ClInclude Include="D:\cybermed\daddy\dependency\sdk-VTK-9.4.2\Filters\Sources\vtkButtonSource.h">
      <Filter>Header Files</Filter>
    </ClInclude>
    <ClInclude Include="D:\cybermed\daddy\dependency\sdk-VTK-9.4.2\Filters\Sources\vtkCapsuleSource.h">
      <Filter>Header Files</Filter>
    </ClInclude>
    <ClInclude Include="D:\cybermed\daddy\dependency\sdk-VTK-9.4.2\Filters\Sources\vtkCellTypeSource.h">
      <Filter>Header Files</Filter>
    </ClInclude>
    <ClInclude Include="D:\cybermed\daddy\dependency\sdk-VTK-9.4.2\Filters\Sources\vtkConeSource.h">
      <Filter>Header Files</Filter>
    </ClInclude>
    <ClInclude Include="D:\cybermed\daddy\dependency\sdk-VTK-9.4.2\Filters\Sources\vtkCubeSource.h">
      <Filter>Header Files</Filter>
    </ClInclude>
    <ClInclude Include="D:\cybermed\daddy\dependency\sdk-VTK-9.4.2\Filters\Sources\vtkCylinderSource.h">
      <Filter>Header Files</Filter>
    </ClInclude>
    <ClInclude Include="D:\cybermed\daddy\dependency\sdk-VTK-9.4.2\Filters\Sources\vtkDiagonalMatrixSource.h">
      <Filter>Header Files</Filter>
    </ClInclude>
    <ClInclude Include="D:\cybermed\daddy\dependency\sdk-VTK-9.4.2\Filters\Sources\vtkDiskSource.h">
      <Filter>Header Files</Filter>
    </ClInclude>
    <ClInclude Include="D:\cybermed\daddy\dependency\sdk-VTK-9.4.2\Filters\Sources\vtkEllipseArcSource.h">
      <Filter>Header Files</Filter>
    </ClInclude>
    <ClInclude Include="D:\cybermed\daddy\dependency\sdk-VTK-9.4.2\Filters\Sources\vtkEllipticalButtonSource.h">
      <Filter>Header Files</Filter>
    </ClInclude>
    <ClInclude Include="D:\cybermed\daddy\dependency\sdk-VTK-9.4.2\Filters\Sources\vtkFrustumSource.h">
      <Filter>Header Files</Filter>
    </ClInclude>
    <ClInclude Include="D:\cybermed\daddy\dependency\sdk-VTK-9.4.2\Filters\Sources\vtkGlyphSource2D.h">
      <Filter>Header Files</Filter>
    </ClInclude>
    <ClInclude Include="D:\cybermed\daddy\dependency\sdk-VTK-9.4.2\Filters\Sources\vtkGoldenBallSource.h">
      <Filter>Header Files</Filter>
    </ClInclude>
    <ClInclude Include="D:\cybermed\daddy\dependency\sdk-VTK-9.4.2\Filters\Sources\vtkGraphToPolyData.h">
      <Filter>Header Files</Filter>
    </ClInclude>
    <ClInclude Include="D:\cybermed\daddy\dependency\sdk-VTK-9.4.2\Filters\Sources\vtkHandleSource.h">
      <Filter>Header Files</Filter>
    </ClInclude>
    <ClInclude Include="D:\cybermed\daddy\dependency\sdk-VTK-9.4.2\Filters\Sources\vtkHyperTreeGridPreConfiguredSource.h">
      <Filter>Header Files</Filter>
    </ClInclude>
    <ClInclude Include="D:\cybermed\daddy\dependency\sdk-VTK-9.4.2\Filters\Sources\vtkHyperTreeGridSource.h">
      <Filter>Header Files</Filter>
    </ClInclude>
    <ClInclude Include="D:\cybermed\daddy\dependency\sdk-VTK-9.4.2\Filters\Sources\vtkLineSource.h">
      <Filter>Header Files</Filter>
    </ClInclude>
    <ClInclude Include="D:\cybermed\daddy\dependency\sdk-VTK-9.4.2\Filters\Sources\vtkOutlineCornerFilter.h">
      <Filter>Header Files</Filter>
    </ClInclude>
    <ClInclude Include="D:\cybermed\daddy\dependency\sdk-VTK-9.4.2\Filters\Sources\vtkOutlineCornerSource.h">
      <Filter>Header Files</Filter>
    </ClInclude>
    <ClInclude Include="D:\cybermed\daddy\dependency\sdk-VTK-9.4.2\Filters\Sources\vtkOutlineSource.h">
      <Filter>Header Files</Filter>
    </ClInclude>
    <ClInclude Include="D:\cybermed\daddy\dependency\sdk-VTK-9.4.2\Filters\Sources\vtkParametricFunctionSource.h">
      <Filter>Header Files</Filter>
    </ClInclude>
    <ClInclude Include="D:\cybermed\daddy\dependency\sdk-VTK-9.4.2\Filters\Sources\vtkPartitionedDataSetSource.h">
      <Filter>Header Files</Filter>
    </ClInclude>
    <ClInclude Include="D:\cybermed\daddy\dependency\sdk-VTK-9.4.2\Filters\Sources\vtkPartitionedDataSetCollectionSource.h">
      <Filter>Header Files</Filter>
    </ClInclude>
    <ClInclude Include="D:\cybermed\daddy\dependency\sdk-VTK-9.4.2\Filters\Sources\vtkPlaneSource.h">
      <Filter>Header Files</Filter>
    </ClInclude>
    <ClInclude Include="D:\cybermed\daddy\dependency\sdk-VTK-9.4.2\Filters\Sources\vtkPlatonicSolidSource.h">
      <Filter>Header Files</Filter>
    </ClInclude>
    <ClInclude Include="D:\cybermed\daddy\dependency\sdk-VTK-9.4.2\Filters\Sources\vtkPointHandleSource.h">
      <Filter>Header Files</Filter>
    </ClInclude>
    <ClInclude Include="D:\cybermed\daddy\dependency\sdk-VTK-9.4.2\Filters\Sources\vtkPointSource.h">
      <Filter>Header Files</Filter>
    </ClInclude>
    <ClInclude Include="D:\cybermed\daddy\dependency\sdk-VTK-9.4.2\Filters\Sources\vtkPolyLineSource.h">
      <Filter>Header Files</Filter>
    </ClInclude>
    <ClInclude Include="D:\cybermed\daddy\dependency\sdk-VTK-9.4.2\Filters\Sources\vtkPolyPointSource.h">
      <Filter>Header Files</Filter>
    </ClInclude>
    <ClInclude Include="D:\cybermed\daddy\dependency\sdk-VTK-9.4.2\Filters\Sources\vtkProgrammableDataObjectSource.h">
      <Filter>Header Files</Filter>
    </ClInclude>
    <ClInclude Include="D:\cybermed\daddy\dependency\sdk-VTK-9.4.2\Filters\Sources\vtkProgrammableSource.h">
      <Filter>Header Files</Filter>
    </ClInclude>
    <ClInclude Include="D:\cybermed\daddy\dependency\sdk-VTK-9.4.2\Filters\Sources\vtkRandomHyperTreeGridSource.h">
      <Filter>Header Files</Filter>
    </ClInclude>
    <ClInclude Include="D:\cybermed\daddy\dependency\sdk-VTK-9.4.2\Filters\Sources\vtkRectangularButtonSource.h">
      <Filter>Header Files</Filter>
    </ClInclude>
    <ClInclude Include="D:\cybermed\daddy\dependency\sdk-VTK-9.4.2\Filters\Sources\vtkRegularPolygonSource.h">
      <Filter>Header Files</Filter>
    </ClInclude>
    <ClInclude Include="D:\cybermed\daddy\dependency\sdk-VTK-9.4.2\Filters\Sources\vtkSelectionSource.h">
      <Filter>Header Files</Filter>
    </ClInclude>
    <ClInclude Include="D:\cybermed\daddy\dependency\sdk-VTK-9.4.2\Filters\Sources\vtkSpatioTemporalHarmonicsSource.h">
      <Filter>Header Files</Filter>
    </ClInclude>
    <ClInclude Include="D:\cybermed\daddy\dependency\sdk-VTK-9.4.2\Filters\Sources\vtkSphereSource.h">
      <Filter>Header Files</Filter>
    </ClInclude>
    <ClInclude Include="D:\cybermed\daddy\dependency\sdk-VTK-9.4.2\Filters\Sources\vtkSuperquadricSource.h">
      <Filter>Header Files</Filter>
    </ClInclude>
    <ClInclude Include="D:\cybermed\daddy\dependency\sdk-VTK-9.4.2\Filters\Sources\vtkTessellatedBoxSource.h">
      <Filter>Header Files</Filter>
    </ClInclude>
    <ClInclude Include="D:\cybermed\daddy\dependency\sdk-VTK-9.4.2\Filters\Sources\vtkTextSource.h">
      <Filter>Header Files</Filter>
    </ClInclude>
    <ClInclude Include="D:\cybermed\daddy\dependency\sdk-VTK-9.4.2\Filters\Sources\vtkTexturedSphereSource.h">
      <Filter>Header Files</Filter>
    </ClInclude>
    <ClInclude Include="D:\cybermed\daddy\dependency\sdk-VTK-9.4.2\Filters\Sources\vtkUniformHyperTreeGridSource.h">
      <Filter>Header Files</Filter>
    </ClInclude>
    <ClInclude Include="D:\cybermed\daddy\dependency\sdk-VTK-9.4.2\build_msvc\Filters\Sources\vtkFiltersSourcesModule.h">
      <Filter>Header Files</Filter>
    </ClInclude>
  </ItemGroup>
  <ItemGroup>
    <CustomBuild Include="D:\cybermed\daddy\dependency\sdk-VTK-9.4.2\Filters\Sources\CMakeLists.txt" />
  </ItemGroup>
  <ItemGroup>
    <Filter Include="Header Files">
      <UniqueIdentifier>{162D4FFA-EABE-37C8-B497-EF7F0B57E0E3}</UniqueIdentifier>
    </Filter>
    <Filter Include="Source Files">
      <UniqueIdentifier>{F5D6D842-070C-3B59-BC69-A411D94F79A1}</UniqueIdentifier>
    </Filter>
  </ItemGroup>
</Project>
