<?xml version="1.0" encoding="utf-8"?>
<Project ToolsVersion="17.0" xmlns="http://schemas.microsoft.com/developer/msbuild/2003">
  <ItemGroup>
    <ClCompile Include="D:\cybermed\daddy\dependency\dcmtk-DCMTK-3.6.8\dcmfg\libsrc\concatenationcreator.cc">
      <Filter>Source Files</Filter>
    </ClCompile>
    <ClCompile Include="D:\cybermed\daddy\dependency\dcmtk-DCMTK-3.6.8\dcmfg\libsrc\concatenationloader.cc">
      <Filter>Source Files</Filter>
    </ClCompile>
    <ClCompile Include="D:\cybermed\daddy\dependency\dcmtk-DCMTK-3.6.8\dcmfg\libsrc\fg.cc">
      <Filter>Source Files</Filter>
    </ClCompile>
    <ClCompile Include="D:\cybermed\daddy\dependency\dcmtk-DCMTK-3.6.8\dcmfg\libsrc\fgbase.cc">
      <Filter>Source Files</Filter>
    </ClCompile>
    <ClCompile Include="D:\cybermed\daddy\dependency\dcmtk-DCMTK-3.6.8\dcmfg\libsrc\fgctacquisitiondetails.cc">
      <Filter>Source Files</Filter>
    </ClCompile>
    <ClCompile Include="D:\cybermed\daddy\dependency\dcmtk-DCMTK-3.6.8\dcmfg\libsrc\fgctacquisitiontype.cc">
      <Filter>Source Files</Filter>
    </ClCompile>
    <ClCompile Include="D:\cybermed\daddy\dependency\dcmtk-DCMTK-3.6.8\dcmfg\libsrc\fgctadditionalxraysource.cc">
      <Filter>Source Files</Filter>
    </ClCompile>
    <ClCompile Include="D:\cybermed\daddy\dependency\dcmtk-DCMTK-3.6.8\dcmfg\libsrc\fgctexposure.cc">
      <Filter>Source Files</Filter>
    </ClCompile>
    <ClCompile Include="D:\cybermed\daddy\dependency\dcmtk-DCMTK-3.6.8\dcmfg\libsrc\fgctgeometry.cc">
      <Filter>Source Files</Filter>
    </ClCompile>
    <ClCompile Include="D:\cybermed\daddy\dependency\dcmtk-DCMTK-3.6.8\dcmfg\libsrc\fgctimageframetype.cc">
      <Filter>Source Files</Filter>
    </ClCompile>
    <ClCompile Include="D:\cybermed\daddy\dependency\dcmtk-DCMTK-3.6.8\dcmfg\libsrc\fgctposition.cc">
      <Filter>Source Files</Filter>
    </ClCompile>
    <ClCompile Include="D:\cybermed\daddy\dependency\dcmtk-DCMTK-3.6.8\dcmfg\libsrc\fgctreconstruction.cc">
      <Filter>Source Files</Filter>
    </ClCompile>
    <ClCompile Include="D:\cybermed\daddy\dependency\dcmtk-DCMTK-3.6.8\dcmfg\libsrc\fgcttabledynamics.cc">
      <Filter>Source Files</Filter>
    </ClCompile>
    <ClCompile Include="D:\cybermed\daddy\dependency\dcmtk-DCMTK-3.6.8\dcmfg\libsrc\fgctxraydetails.cc">
      <Filter>Source Files</Filter>
    </ClCompile>
    <ClCompile Include="D:\cybermed\daddy\dependency\dcmtk-DCMTK-3.6.8\dcmfg\libsrc\fgderimg.cc">
      <Filter>Source Files</Filter>
    </ClCompile>
    <ClCompile Include="D:\cybermed\daddy\dependency\dcmtk-DCMTK-3.6.8\dcmfg\libsrc\fgfact.cc">
      <Filter>Source Files</Filter>
    </ClCompile>
    <ClCompile Include="D:\cybermed\daddy\dependency\dcmtk-DCMTK-3.6.8\dcmfg\libsrc\fgfracon.cc">
      <Filter>Source Files</Filter>
    </ClCompile>
    <ClCompile Include="D:\cybermed\daddy\dependency\dcmtk-DCMTK-3.6.8\dcmfg\libsrc\fgframeanatomy.cc">
      <Filter>Source Files</Filter>
    </ClCompile>
    <ClCompile Include="D:\cybermed\daddy\dependency\dcmtk-DCMTK-3.6.8\dcmfg\libsrc\fgframevoilut.cc">
      <Filter>Source Files</Filter>
    </ClCompile>
    <ClCompile Include="D:\cybermed\daddy\dependency\dcmtk-DCMTK-3.6.8\dcmfg\libsrc\fgpixeltransform.cc">
      <Filter>Source Files</Filter>
    </ClCompile>
    <ClCompile Include="D:\cybermed\daddy\dependency\dcmtk-DCMTK-3.6.8\dcmfg\libsrc\fgimagedatatype.cc">
      <Filter>Source Files</Filter>
    </ClCompile>
    <ClCompile Include="D:\cybermed\daddy\dependency\dcmtk-DCMTK-3.6.8\dcmfg\libsrc\fginterface.cc">
      <Filter>Source Files</Filter>
    </ClCompile>
    <ClCompile Include="D:\cybermed\daddy\dependency\dcmtk-DCMTK-3.6.8\dcmfg\libsrc\fgirradiationeventid.cc">
      <Filter>Source Files</Filter>
    </ClCompile>
    <ClCompile Include="D:\cybermed\daddy\dependency\dcmtk-DCMTK-3.6.8\dcmfg\libsrc\fgpixmsr.cc">
      <Filter>Source Files</Filter>
    </ClCompile>
    <ClCompile Include="D:\cybermed\daddy\dependency\dcmtk-DCMTK-3.6.8\dcmfg\libsrc\fgparametricmapframetype.cc">
      <Filter>Source Files</Filter>
    </ClCompile>
    <ClCompile Include="D:\cybermed\daddy\dependency\dcmtk-DCMTK-3.6.8\dcmfg\libsrc\fgplanor.cc">
      <Filter>Source Files</Filter>
    </ClCompile>
    <ClCompile Include="D:\cybermed\daddy\dependency\dcmtk-DCMTK-3.6.8\dcmfg\libsrc\fgplanorvol.cc">
      <Filter>Source Files</Filter>
    </ClCompile>
    <ClCompile Include="D:\cybermed\daddy\dependency\dcmtk-DCMTK-3.6.8\dcmfg\libsrc\fgplanpo.cc">
      <Filter>Source Files</Filter>
    </ClCompile>
    <ClCompile Include="D:\cybermed\daddy\dependency\dcmtk-DCMTK-3.6.8\dcmfg\libsrc\fgplanposvol.cc">
      <Filter>Source Files</Filter>
    </ClCompile>
    <ClCompile Include="D:\cybermed\daddy\dependency\dcmtk-DCMTK-3.6.8\dcmfg\libsrc\fgrealworldvaluemapping.cc">
      <Filter>Source Files</Filter>
    </ClCompile>
    <ClCompile Include="D:\cybermed\daddy\dependency\dcmtk-DCMTK-3.6.8\dcmfg\libsrc\fgseg.cc">
      <Filter>Source Files</Filter>
    </ClCompile>
    <ClCompile Include="D:\cybermed\daddy\dependency\dcmtk-DCMTK-3.6.8\dcmfg\libsrc\fgtemporalposition.cc">
      <Filter>Source Files</Filter>
    </ClCompile>
    <ClCompile Include="D:\cybermed\daddy\dependency\dcmtk-DCMTK-3.6.8\dcmfg\libsrc\fgusimagedescription.cc">
      <Filter>Source Files</Filter>
    </ClCompile>
    <ClCompile Include="D:\cybermed\daddy\dependency\dcmtk-DCMTK-3.6.8\dcmfg\libsrc\fgtypes.cc">
      <Filter>Source Files</Filter>
    </ClCompile>
    <ClCompile Include="D:\cybermed\daddy\dependency\dcmtk-DCMTK-3.6.8\dcmfg\libsrc\stack.cc">
      <Filter>Source Files</Filter>
    </ClCompile>
    <ClCompile Include="D:\cybermed\daddy\dependency\dcmtk-DCMTK-3.6.8\dcmfg\libsrc\stackinterface.cc">
      <Filter>Source Files</Filter>
    </ClCompile>
  </ItemGroup>
  <ItemGroup>
    <CustomBuild Include="D:\cybermed\daddy\dependency\dcmtk-DCMTK-3.6.8\dcmfg\libsrc\CMakeLists.txt" />
  </ItemGroup>
  <ItemGroup>
    <Filter Include="Source Files">
      <UniqueIdentifier>{223CA86B-C79F-3D28-815E-BF4CB8A4A19D}</UniqueIdentifier>
    </Filter>
  </ItemGroup>
</Project>
