<?xml version="1.0" encoding="utf-8"?>
<Project ToolsVersion="4.0" xmlns="http://schemas.microsoft.com/developer/msbuild/2003">
  <ItemGroup>
    <Filter Include="source">
      <UniqueIdentifier>{5c61e721-a50e-4103-9859-c4c48d6b4d42}</UniqueIdentifier>
    </Filter>
    <Filter Include="resource">
      <UniqueIdentifier>{63ca831b-57ca-44d0-b144-7784b657e4da}</UniqueIdentifier>
    </Filter>
    <Filter Include="source\view">
      <UniqueIdentifier>{24502871-0771-4fa2-9f10-28a950ff0d1b}</UniqueIdentifier>
    </Filter>
    <Filter Include="source\tree">
      <UniqueIdentifier>{332f1a24-0add-47ee-ab62-e5326419b4d7}</UniqueIdentifier>
    </Filter>
  </ItemGroup>
  <ItemGroup>
    <None Include="..\common\windows\main.aps">
      <Filter>resource</Filter>
    </None>
  </ItemGroup>
  <ItemGroup>
    <Image Include="..\common\windows\main.ico">
      <Filter>resource</Filter>
    </Image>
  </ItemGroup>
  <ItemGroup>
    <ResourceCompile Include="..\common\windows\main.rc">
      <Filter>resource</Filter>
    </ResourceCompile>
  </ItemGroup>
  <ItemGroup>
    <ClInclude Include="..\source\boss_config.h">
      <Filter>source</Filter>
    </ClInclude>
    <ClInclude Include="..\source\logger.hpp">
      <Filter>source</Filter>
    </ClInclude>
    <ClInclude Include="..\source\resource.hpp">
      <Filter>source</Filter>
    </ClInclude>
    <ClInclude Include="..\source\view\cmd_view.hpp">
      <Filter>source\view</Filter>
    </ClInclude>
    <ClInclude Include="..\source\view\webcmd_view.hpp">
      <Filter>source\view</Filter>
    </ClInclude>
    <ClInclude Include="..\source\view\tree_view.hpp">
      <Filter>source\view</Filter>
    </ClInclude>
    <ClInclude Include="..\source\tree\tree_group.hpp">
      <Filter>source\tree</Filter>
    </ClInclude>
    <ClInclude Include="..\source\tree\tree_value.hpp">
      <Filter>source\tree</Filter>
    </ClInclude>
    <ClInclude Include="..\source\tree\tree_element.hpp">
      <Filter>source\tree</Filter>
    </ClInclude>
  </ItemGroup>
  <ItemGroup>
    <ClCompile Include="..\source\logger.cpp">
      <Filter>source</Filter>
    </ClCompile>
    <ClCompile Include="..\source\main.cpp">
      <Filter>source</Filter>
    </ClCompile>
    <ClCompile Include="..\source\resource.cpp">
      <Filter>source</Filter>
    </ClCompile>
    <ClCompile Include="..\source\view\cmd_view.cpp">
      <Filter>source\view</Filter>
    </ClCompile>
    <ClCompile Include="..\source\view\webcmd_view.cpp">
      <Filter>source\view</Filter>
    </ClCompile>
    <ClCompile Include="..\source\view\tree_view.cpp">
      <Filter>source\view</Filter>
    </ClCompile>
    <ClCompile Include="..\source\tree\tree_group.cpp">
      <Filter>source\tree</Filter>
    </ClCompile>
    <ClCompile Include="..\source\tree\tree_value.cpp">
      <Filter>source\tree</Filter>
    </ClCompile>
    <ClCompile Include="..\source\tree\tree_element.cpp">
      <Filter>source\tree</Filter>
    </ClCompile>
  </ItemGroup>
</Project>