<?xml version="1.0" encoding="utf-8"?>
<Project ToolsVersion="17.0" xmlns="http://schemas.microsoft.com/developer/msbuild/2003">
  <ItemGroup>
    <CustomBuild Include="D:\cybermed\daddy\dependency\sdk-VTK-9.4.2\build_msvc\CMakeFiles\ca9aa9fed93d79dd9d626753235b306a\vtkRenderingContext2D-hierarchy.txt.rule">
      <Filter>CMake Rules</Filter>
    </CustomBuild>
    <CustomBuild Include="D:\cybermed\daddy\dependency\sdk-VTK-9.4.2\build_msvc\CMakeFiles\91c0e142fe10f2e12898d47e1a9717c6\vtkRenderingContext2D-hierarchy.rule">
      <Filter>CMake Rules</Filter>
    </CustomBuild>
    <CustomBuild Include="D:\cybermed\daddy\dependency\sdk-VTK-9.4.2\Rendering\Context2D\CMakeLists.txt" />
  </ItemGroup>
  <ItemGroup>
    <None Include="D:\cybermed\daddy\dependency\sdk-VTK-9.4.2\build_msvc\Rendering\Context2D\CMakeFiles\vtkRenderingContext2D-hierarchy" />
  </ItemGroup>
  <ItemGroup>
    <Filter Include="CMake Rules">
      <UniqueIdentifier>{6E4BE47F-71E5-3B1C-ADD4-7EEAE69F3838}</UniqueIdentifier>
    </Filter>
  </ItemGroup>
</Project>
