<?xml version="1.0" encoding="utf-8"?>
<Project ToolsVersion="17.0" xmlns="http://schemas.microsoft.com/developer/msbuild/2003">
  <ItemGroup>
    <ClCompile Include="D:\cybermed\daddy\dependency\dcmtk-DCMTK-3.6.8\dcmtls\libsrc\tlscond.cc">
      <Filter>Source Files</Filter>
    </ClCompile>
    <ClCompile Include="D:\cybermed\daddy\dependency\dcmtk-DCMTK-3.6.8\dcmtls\libsrc\tlslayer.cc">
      <Filter>Source Files</Filter>
    </ClCompile>
    <ClCompile Include="D:\cybermed\daddy\dependency\dcmtk-DCMTK-3.6.8\dcmtls\libsrc\tlsopt.cc">
      <Filter>Source Files</Filter>
    </ClCompile>
    <ClCompile Include="D:\cybermed\daddy\dependency\dcmtk-DCMTK-3.6.8\dcmtls\libsrc\tlstrans.cc">
      <Filter>Source Files</Filter>
    </ClCompile>
    <ClCompile Include="D:\cybermed\daddy\dependency\dcmtk-DCMTK-3.6.8\dcmtls\libsrc\tlsscu.cc">
      <Filter>Source Files</Filter>
    </ClCompile>
    <ClCompile Include="D:\cybermed\daddy\dependency\dcmtk-DCMTK-3.6.8\dcmtls\libsrc\tlsciphr.cc">
      <Filter>Source Files</Filter>
    </ClCompile>
  </ItemGroup>
  <ItemGroup>
    <CustomBuild Include="D:\cybermed\daddy\dependency\dcmtk-DCMTK-3.6.8\dcmtls\libsrc\CMakeLists.txt" />
  </ItemGroup>
  <ItemGroup>
    <Filter Include="Source Files">
      <UniqueIdentifier>{223CA86B-C79F-3D28-815E-BF4CB8A4A19D}</UniqueIdentifier>
    </Filter>
  </ItemGroup>
</Project>
