<?xml version="1.0" encoding="utf-8"?>
<Project ToolsVersion="17.0" xmlns="http://schemas.microsoft.com/developer/msbuild/2003">
  <ItemGroup>
    <ClCompile Include="D:\cybermed\daddy\dependency\sdk-VTK-9.4.2\Domains\Chemistry\vtkBlueObeliskData.cxx">
      <Filter>Source Files</Filter>
    </ClCompile>
    <ClCompile Include="D:\cybermed\daddy\dependency\sdk-VTK-9.4.2\Domains\Chemistry\vtkBlueObeliskDataParser.cxx">
      <Filter>Source Files</Filter>
    </ClCompile>
    <ClCompile Include="D:\cybermed\daddy\dependency\sdk-VTK-9.4.2\Domains\Chemistry\vtkMoleculeMapper.cxx">
      <Filter>Source Files</Filter>
    </ClCompile>
    <ClCompile Include="D:\cybermed\daddy\dependency\sdk-VTK-9.4.2\Domains\Chemistry\vtkMoleculeToAtomBallFilter.cxx">
      <Filter>Source Files</Filter>
    </ClCompile>
    <ClCompile Include="D:\cybermed\daddy\dependency\sdk-VTK-9.4.2\Domains\Chemistry\vtkMoleculeToBondStickFilter.cxx">
      <Filter>Source Files</Filter>
    </ClCompile>
    <ClCompile Include="D:\cybermed\daddy\dependency\sdk-VTK-9.4.2\Domains\Chemistry\vtkMoleculeToLinesFilter.cxx">
      <Filter>Source Files</Filter>
    </ClCompile>
    <ClCompile Include="D:\cybermed\daddy\dependency\sdk-VTK-9.4.2\Domains\Chemistry\vtkMoleculeToPolyDataFilter.cxx">
      <Filter>Source Files</Filter>
    </ClCompile>
    <ClCompile Include="D:\cybermed\daddy\dependency\sdk-VTK-9.4.2\Domains\Chemistry\vtkPeriodicTable.cxx">
      <Filter>Source Files</Filter>
    </ClCompile>
    <ClCompile Include="D:\cybermed\daddy\dependency\sdk-VTK-9.4.2\Domains\Chemistry\vtkPointSetToMoleculeFilter.cxx">
      <Filter>Source Files</Filter>
    </ClCompile>
    <ClCompile Include="D:\cybermed\daddy\dependency\sdk-VTK-9.4.2\Domains\Chemistry\vtkProgrammableElectronicData.cxx">
      <Filter>Source Files</Filter>
    </ClCompile>
    <ClCompile Include="D:\cybermed\daddy\dependency\sdk-VTK-9.4.2\Domains\Chemistry\vtkProteinRibbonFilter.cxx">
      <Filter>Source Files</Filter>
    </ClCompile>
    <ClCompile Include="D:\cybermed\daddy\dependency\sdk-VTK-9.4.2\Domains\Chemistry\vtkSimpleBondPerceiver.cxx">
      <Filter>Source Files</Filter>
    </ClCompile>
  </ItemGroup>
  <ItemGroup>
    <ClInclude Include="D:\cybermed\daddy\dependency\sdk-VTK-9.4.2\Domains\Chemistry\vtkBlueObeliskDataInternal.h">
      <Filter>Header Files</Filter>
    </ClInclude>
    <ClInclude Include="D:\cybermed\daddy\dependency\sdk-VTK-9.4.2\Domains\Chemistry\vtkBlueObeliskData.h">
      <Filter>Header Files</Filter>
    </ClInclude>
    <ClInclude Include="D:\cybermed\daddy\dependency\sdk-VTK-9.4.2\Domains\Chemistry\vtkBlueObeliskDataParser.h">
      <Filter>Header Files</Filter>
    </ClInclude>
    <ClInclude Include="D:\cybermed\daddy\dependency\sdk-VTK-9.4.2\Domains\Chemistry\vtkMoleculeMapper.h">
      <Filter>Header Files</Filter>
    </ClInclude>
    <ClInclude Include="D:\cybermed\daddy\dependency\sdk-VTK-9.4.2\Domains\Chemistry\vtkMoleculeToAtomBallFilter.h">
      <Filter>Header Files</Filter>
    </ClInclude>
    <ClInclude Include="D:\cybermed\daddy\dependency\sdk-VTK-9.4.2\Domains\Chemistry\vtkMoleculeToBondStickFilter.h">
      <Filter>Header Files</Filter>
    </ClInclude>
    <ClInclude Include="D:\cybermed\daddy\dependency\sdk-VTK-9.4.2\Domains\Chemistry\vtkMoleculeToLinesFilter.h">
      <Filter>Header Files</Filter>
    </ClInclude>
    <ClInclude Include="D:\cybermed\daddy\dependency\sdk-VTK-9.4.2\Domains\Chemistry\vtkMoleculeToPolyDataFilter.h">
      <Filter>Header Files</Filter>
    </ClInclude>
    <ClInclude Include="D:\cybermed\daddy\dependency\sdk-VTK-9.4.2\Domains\Chemistry\vtkPeriodicTable.h">
      <Filter>Header Files</Filter>
    </ClInclude>
    <ClInclude Include="D:\cybermed\daddy\dependency\sdk-VTK-9.4.2\Domains\Chemistry\vtkPointSetToMoleculeFilter.h">
      <Filter>Header Files</Filter>
    </ClInclude>
    <ClInclude Include="D:\cybermed\daddy\dependency\sdk-VTK-9.4.2\Domains\Chemistry\vtkProgrammableElectronicData.h">
      <Filter>Header Files</Filter>
    </ClInclude>
    <ClInclude Include="D:\cybermed\daddy\dependency\sdk-VTK-9.4.2\Domains\Chemistry\vtkProteinRibbonFilter.h">
      <Filter>Header Files</Filter>
    </ClInclude>
    <ClInclude Include="D:\cybermed\daddy\dependency\sdk-VTK-9.4.2\Domains\Chemistry\vtkSimpleBondPerceiver.h">
      <Filter>Header Files</Filter>
    </ClInclude>
    <ClInclude Include="D:\cybermed\daddy\dependency\sdk-VTK-9.4.2\build_msvc\Domains\Chemistry\vtkDomainsChemistryModule.h">
      <Filter>Header Files</Filter>
    </ClInclude>
  </ItemGroup>
  <ItemGroup>
    <CustomBuild Include="D:\cybermed\daddy\dependency\sdk-VTK-9.4.2\Domains\Chemistry\CMakeLists.txt" />
  </ItemGroup>
  <ItemGroup>
    <Filter Include="Header Files">
      <UniqueIdentifier>{162D4FFA-EABE-37C8-B497-EF7F0B57E0E3}</UniqueIdentifier>
    </Filter>
    <Filter Include="Source Files">
      <UniqueIdentifier>{F5D6D842-070C-3B59-BC69-A411D94F79A1}</UniqueIdentifier>
    </Filter>
  </ItemGroup>
</Project>
